{
  "name": "ipfs-npm",
  "version": "0.1.0",
  "dependencies": {
    "ipfsd-ctl": {
      "version": "0.5.1",
      "from": "ipfsd-ctl@>=0.5.1 <0.6.0",
      "resolved": "https://registry.npmjs.org/ipfsd-ctl/-/ipfsd-ctl-0.5.1.tgz",
      "dependencies": {
        "ipfs-api": {
          "version": "2.4.0",
          "from": "ipfs-api@2.4.0",
          "resolved": "https://registry.npmjs.org/ipfs-api/-/ipfs-api-2.4.0.tgz"
        }
      }
    }
  }
}
